
Microsoft Visual Studio Solution File, Format Version 12.00
# Visual Studio Version 17
VisualStudioVersion = 17.1.32210.238
MinimumVisualStudioVersion = 10.0.40219.1
Project("{FAE04EC0-301F-11D3-BF4B-00C04F79EFBC}") = "quiz1-pbkk", "quiz1-pbkk\quiz1-pbkk.csproj", "{074D9E08-A414-435D-8B6C-3C1B9D5A16A0}"
EndProject
Global
	GlobalSection(SolutionConfigurationPlatforms) = preSolution
		Debug|Any CPU = Debug|Any CPU
		Release|Any CPU = Release|Any CPU
	EndGlobalSection
	GlobalSection(ProjectConfigurationPlatforms) = postSolution
		{074D9E08-A414-435D-8B6C-3C1B9D5A16A0}.Debug|Any CPU.ActiveCfg = Debug|Any CPU
		{074D9E08-A414-435D-8B6C-3C1B9D5A16A0}.Debug|Any CPU.Build.0 = Debug|Any CPU
		{074D9E08-A414-435D-8B6C-3C1B9D5A16A0}.Release|Any CPU.ActiveCfg = Release|Any CPU
		{074D9E08-A414-435D-8B6C-3C1B9D5A16A0}.Release|Any CPU.Build.0 = Release|Any CPU
	EndGlobalSection
	GlobalSection(SolutionProperties) = preSolution
		HideSolutionNode = FALSE
	EndGlobalSection
	GlobalSection(ExtensibilityGlobals) = postSolution
		SolutionGuid = {65B40CED-E6D6-4EC1-A2A8-B0F9C42A7D8C}
	EndGlobalSection
EndGlobal
